
Microsoft Visual Studio Solution File, Format Version 12.00
# Visual Studio 15
VisualStudioVersion = 15.0.26730.15
MinimumVisualStudioVersion = 10.0.40219.1
Project("{FAE04EC0-301F-11D3-BF4B-00C04F79EFBC}") = "ImageAnalysis", "ImageAnalysis\ImageAnalysis.csproj", "{1689F1DE-AA97-4447-83AA-9771C30F8151}"
EndProject
Global
	GlobalSection(SolutionConfigurationPlatforms) = preSolution
		Debug|Any CPU = Debug|Any CPU
		Release|Any CPU = Release|Any CPU
	EndGlobalSection
	GlobalSection(ProjectConfigurationPlatforms) = postSolution
		{1689F1DE-AA97-4447-83AA-9771C30F8151}.Debug|Any CPU.ActiveCfg = Debug|Any CPU
		{1689F1DE-AA97-4447-83AA-9771C30F8151}.Debug|Any CPU.Build.0 = Debug|Any CPU
		{1689F1DE-AA97-4447-83AA-9771C30F8151}.Release|Any CPU.ActiveCfg = Release|Any CPU
		{1689F1DE-AA97-4447-83AA-9771C30F8151}.Release|Any CPU.Build.0 = Release|Any CPU
	EndGlobalSection
	GlobalSection(SolutionProperties) = preSolution
		HideSolutionNode = FALSE
	EndGlobalSection
	GlobalSection(ExtensibilityGlobals) = postSolution
		SolutionGuid = {387729A5-6F37-4C54-853F-BF04C5108620}
	EndGlobalSection
EndGlobal
